
Microsoft Visual Studio Solution File, Format Version 12.00
# Visual Studio Version 16
VisualStudioVersion = 16.0.31424.327
MinimumVisualStudioVersion = 10.0.40219.1
Project("{FAE04EC0-301F-11D3-BF4B-00C04F79EFBC}") = "ExtendedInput", "ExtendedInput\ExtendedInput.csproj", "{2CBEFCE5-674F-4A6F-8F3B-5F4826ADA377}"
EndProject
Global
	GlobalSection(SolutionConfigurationPlatforms) = preSolution
		Debug|Any CPU = Debug|Any CPU
		Release|Any CPU = Release|Any CPU
	EndGlobalSection
	GlobalSection(ProjectConfigurationPlatforms) = postSolution
		{2CBEFCE5-674F-4A6F-8F3B-5F4826ADA377}.Debug|Any CPU.ActiveCfg = Debug|Any CPU
		{2CBEFCE5-674F-4A6F-8F3B-5F4826ADA377}.Debug|Any CPU.Build.0 = Debug|Any CPU
		{2CBEFCE5-674F-4A6F-8F3B-5F4826ADA377}.Release|Any CPU.ActiveCfg = Release|Any CPU
		{2CBEFCE5-674F-4A6F-8F3B-5F4826ADA377}.Release|Any CPU.Build.0 = Release|Any CPU
	EndGlobalSection
	GlobalSection(SolutionProperties) = preSolution
		HideSolutionNode = FALSE
	EndGlobalSection
	GlobalSection(ExtensibilityGlobals) = postSolution
		SolutionGuid = {ED4FEB94-F7AA-45F8-BF77-0909B95BE266}
	EndGlobalSection
EndGlobal
